<?xml version="1.0" encoding="utf-8"?>
<Project ToolsVersion="4.0" xmlns="http://schemas.microsoft.com/developer/msbuild/2003">
  <ItemGroup>
    <ClCompile Include="Application\main.cpp" />
    <ClCompile Include="Renderer\D3D12\D3D12DebugLayer.cpp" />
    <ClCompile Include="Renderer\D3D12\DXContext.cpp" />
    <ClCompile Include="Platform\Win32\Win32PlatformWindow.cpp" />
    <ClCompile Include="Renderer\D3D12\D3D12Device.cpp" />
    <ClCompile Include="Application\D3D12Agility.cpp" />
    <ClCompile Include="Application\Application.cpp" />
    <ClCompile Include="Renderer\D3D12\D3D12CommandList.cpp" />
    <ClCompile Include="Renderer\D3D12\D3D12CommandQueue.cpp" />
    <ClCompile Include="Renderer\D3D12\D3D12Renderer.cpp" />
    <ClCompile Include="Renderer\IRenderer.cpp" />
    <ClCompile Include="Platform\IPlatformWindow.cpp" />
  </ItemGroup>
  <ItemGroup>
    <Filter Include="Support">
      <UniqueIdentifier>{6efb82f8-09a9-4298-90ad-ae0038ead735}</UniqueIdentifier>
    </Filter>
  </ItemGroup>
  <ItemGroup>
    <ClInclude Include="Platform\Win32\Win32Include.h">
      <Filter>Support</Filter>
    </ClInclude>
    <ClInclude Include="Core\ComPointer.h" />
    <ClInclude Include="Renderer\D3D12\D3D12DebugLayer.h" />
    <ClInclude Include="Renderer\D3D12\DXContext.h" />
    <ClInclude Include="Platform\Win32\Win32PlatformWindow.h" />
    <ClInclude Include="Renderer\D3D12\D3D12Device.h" />
    <ClInclude Include="Application\Application.h" />
    <ClInclude Include="Platform\IPlatformWindow.h" />
    <ClInclude Include="Renderer\D3D12\D3D12Include.h" />
    <ClInclude Include="Renderer\D3D12\D3D12CommandQueue.h" />
    <ClInclude Include="Renderer\D3D12\D3D12CommandList.h" />
    <ClInclude Include="Renderer\IRenderer.h" />
    <ClInclude Include="Renderer\D3D12\D3D12Renderer.h" />
    <ClInclude Include="Core\Common.h" />
  </ItemGroup>
  <ItemGroup>
    <None Include="packages.config" />
  </ItemGroup>
</Project>